<?xml version="1.0" encoding="utf-8"?>
<Project ToolsVersion="4.0" xmlns="http://schemas.microsoft.com/developer/msbuild/2003">
  <ItemGroup>
    <Filter Include="ソース ファイル">
      <UniqueIdentifier>{4FC737F1-C7A5-4376-A066-2A32D752A2FF}</UniqueIdentifier>
      <Extensions>cpp;c;cc;cxx;def;odl;idl;hpj;bat;asm;asmx</Extensions>
    </Filter>
    <Filter Include="ヘッダー ファイル">
      <UniqueIdentifier>{93995380-89BD-4b04-88EB-625FBE52EBFB}</UniqueIdentifier>
      <Extensions>h;hpp;hxx;hm;inl;inc;xsd</Extensions>
    </Filter>
    <Filter Include="リソース ファイル">
      <UniqueIdentifier>{67DA6AB6-F800-4c08-8B7A-83BB121AAD01}</UniqueIdentifier>
      <Extensions>rc;ico;cur;bmp;dlg;rc2;rct;bin;rgs;gif;jpg;jpeg;jpe;resx;tiff;tif;png;wav</Extensions>
    </Filter>
    <Filter Include="駆動系">
      <UniqueIdentifier>{622bba56-86de-482f-b56c-5b30304fb30e}</UniqueIdentifier>
    </Filter>
  </ItemGroup>
  <ItemGroup>
    <None Include="PluginMod.def">
      <Filter>ソース ファイル</Filter>
    </None>
  </ItemGroup>
  <ItemGroup>
    <ClCompile Include="PluginMod_DllMain.cpp">
      <Filter>ソース ファイル</Filter>
    </ClCompile>
    <ClCompile Include="PluginMod_Funcs.cpp">
      <Filter>ソース ファイル</Filter>
    </ClCompile>
    <ClCompile Include="OnAfterChangeWindowSize.cpp">
      <Filter>駆動系</Filter>
    </ClCompile>
    <ClCompile Include="OnApplicationSelectMenuItem.cpp">
      <Filter>駆動系</Filter>
    </ClCompile>
    <ClCompile Include="OnGlobalFreeMemoryInGameEnd.cpp">
      <Filter>駆動系</Filter>
    </ClCompile>
    <ClCompile Include="OnMainGameStart.cpp">
      <Filter>駆動系</Filter>
    </ClCompile>
    <ClCompile Include="OnSelectingScenario.cpp">
      <Filter>駆動系</Filter>
    </ClCompile>
    <ClCompile Include="OnSelectingScenarioDaimyo.cpp">
      <Filter>駆動系</Filter>
    </ClCompile>
    <ClCompile Include="OnSobaChange.cpp">
      <Filter>駆動系</Filter>
    </ClCompile>
    <ClCompile Include="OnViewingScenarioTitleList.cpp">
      <Filter>駆動系</Filter>
    </ClCompile>
    <ClCompile Include="OnViewingTopMenu.cpp">
      <Filter>駆動系</Filter>
    </ClCompile>
    <ClCompile Include="OnWritingScenarioDetail.cpp">
      <Filter>駆動系</Filter>
    </ClCompile>
    <ClCompile Include="ReWriteAsmNemonics.cpp">
      <Filter>駆動系</Filter>
    </ClCompile>
  </ItemGroup>
  <ItemGroup>
    <ClInclude Include="PluginMod.h">
      <Filter>ヘッダー ファイル</Filter>
    </ClInclude>
    <ClInclude Include="ReWriteAsmNemonics.h">
      <Filter>ヘッダー ファイル</Filter>
    </ClInclude>
  </ItemGroup>
  <ItemGroup>
    <ResourceCompile Include="PluginMod.rc">
      <Filter>リソース ファイル</Filter>
    </ResourceCompile>
  </ItemGroup>
</Project>